
Microsoft Visual Studio Solution File, Format Version 12.00
# Visual Studio Version 17
VisualStudioVersion = 17.2.32630.192
MinimumVisualStudioVersion = 10.0.40219.1
Project("{FAE04EC0-301F-11D3-BF4B-00C04F79EFBC}") = "MagicTheGatheringDatabase", "MagicTheGatheringDatabase\MagicTheGatheringDatabase.csproj", "{128C7FD8-5394-4557-9856-7E59EC855B1D}"
EndProject
Global
	GlobalSection(SolutionConfigurationPlatforms) = preSolution
		Debug|Any CPU = Debug|Any CPU
		Release|Any CPU = Release|Any CPU
	EndGlobalSection
	GlobalSection(ProjectConfigurationPlatforms) = postSolution
		{128C7FD8-5394-4557-9856-7E59EC855B1D}.Debug|Any CPU.ActiveCfg = Debug|Any CPU
		{128C7FD8-5394-4557-9856-7E59EC855B1D}.Debug|Any CPU.Build.0 = Debug|Any CPU
		{128C7FD8-5394-4557-9856-7E59EC855B1D}.Release|Any CPU.ActiveCfg = Release|Any CPU
		{128C7FD8-5394-4557-9856-7E59EC855B1D}.Release|Any CPU.Build.0 = Release|Any CPU
	EndGlobalSection
	GlobalSection(SolutionProperties) = preSolution
		HideSolutionNode = FALSE
	EndGlobalSection
	GlobalSection(ExtensibilityGlobals) = postSolution
		SolutionGuid = {91AE6326-F43B-4158-A95C-33117F9C2C4B}
	EndGlobalSection
EndGlobal
